// !$*UTF8*$!
{
	archiveVersion = 1;
	classes = {
	};
	objectVersion = 50;
	objects = {

/* Begin PBXBuildFile section */
		561D5E602451A9BA001A5BCB /* AppSizes.swift in Sources */ = {isa = PBXBuildFile; fileRef = 561D5E5F2451A9BA001A5BCB /* AppSizes.swift */; };
		561D5E622451BA97001A5BCB /* ReusableView.swift in Sources */ = {isa = PBXBuildFile; fileRef = 561D5E612451BA97001A5BCB /* ReusableView.swift */; };
		561D5E642451BC6E001A5BCB /* MoviesInViewingTableViewFooter.swift in Sources */ = {isa = PBXBuildFile; fileRef = 561D5E632451BC6E001A5BCB /* MoviesInViewingTableViewFooter.swift */; };
		561D5E662451BFE1001A5BCB /* BlueTextWithoutBackgroundButton.swift in Sources */ = {isa = PBXBuildFile; fileRef = 561D5E652451BFE1001A5BCB /* BlueTextWithoutBackgroundButton.swift */; };
		56358D172449D07100A3000C /* MoviesResponse.swift in Sources */ = {isa = PBXBuildFile; fileRef = 56358D162449D07100A3000C /* MoviesResponse.swift */; };
		56358D1A2449DAEE00A3000C /* Movie.swift in Sources */ = {isa = PBXBuildFile; fileRef = 56358D192449DAEE00A3000C /* Movie.swift */; };
		56614D352453016700A29E6F /* ConstantKeys.swift in Sources */ = {isa = PBXBuildFile; fileRef = 56614D342453016700A29E6F /* ConstantKeys.swift */; };
		567AFF0924489B8E00CE959E /* DataRepository.swift in Sources */ = {isa = PBXBuildFile; fileRef = 567AFF0824489B8E00CE959E /* DataRepository.swift */; };
		567AFF0B24489D0900CE959E /* ProfileViewPresenter.swift in Sources */ = {isa = PBXBuildFile; fileRef = 567AFF0A24489D0900CE959E /* ProfileViewPresenter.swift */; };
		567AFF0D2448A61F00CE959E /* TmdbNetworkServise.swift in Sources */ = {isa = PBXBuildFile; fileRef = 567AFF0C2448A61F00CE959E /* TmdbNetworkServise.swift */; };
		567AFF0F2448A8A500CE959E /* MyMoviesDataBase.swift in Sources */ = {isa = PBXBuildFile; fileRef = 567AFF0E2448A8A500CE959E /* MyMoviesDataBase.swift */; };
		5682060324505508007F9A44 /* TableViewProvider.swift in Sources */ = {isa = PBXBuildFile; fileRef = 5682060224505508007F9A44 /* TableViewProvider.swift */; };
		5682060624505993007F9A44 /* MoviesInViewingTableViewProvider.swift in Sources */ = {isa = PBXBuildFile; fileRef = 5682060524505993007F9A44 /* MoviesInViewingTableViewProvider.swift */; };
		5682060824505F29007F9A44 /* MovieInViewing.swift in Sources */ = {isa = PBXBuildFile; fileRef = 5682060724505F29007F9A44 /* MovieInViewing.swift */; };
		5682060A24508880007F9A44 /* MoviesInViewingTableViewHeader.swift in Sources */ = {isa = PBXBuildFile; fileRef = 5682060924508880007F9A44 /* MoviesInViewingTableViewHeader.swift */; };
		56D5DD61244DAA9C000BB6BA /* ProfileView.swift in Sources */ = {isa = PBXBuildFile; fileRef = 56D5DD60244DAA9C000BB6BA /* ProfileView.swift */; };
		56D5DD63244DCC2A000BB6BA /* BlueWithShadowButton.swift in Sources */ = {isa = PBXBuildFile; fileRef = 56D5DD62244DCC2A000BB6BA /* BlueWithShadowButton.swift */; };
		56D5DD65244DF34E000BB6BA /* MoviesInViewingTableViewCell.swift in Sources */ = {isa = PBXBuildFile; fileRef = 56D5DD64244DF34E000BB6BA /* MoviesInViewingTableViewCell.swift */; };
		56D5DD69244DFA1C000BB6BA /* UIColor+appColors.swift in Sources */ = {isa = PBXBuildFile; fileRef = 56D5DD68244DFA1C000BB6BA /* UIColor+appColors.swift */; };
		56DDFC98244CADA00084E733 /* DefaultSearchController.swift in Sources */ = {isa = PBXBuildFile; fileRef = 56DDFC97244CADA00084E733 /* DefaultSearchController.swift */; };
		56E3433C24487E7700D6B440 /* AppDelegate.swift in Sources */ = {isa = PBXBuildFile; fileRef = 56E3433B24487E7700D6B440 /* AppDelegate.swift */; };
		56E3433E24487E7700D6B440 /* SceneDelegate.swift in Sources */ = {isa = PBXBuildFile; fileRef = 56E3433D24487E7700D6B440 /* SceneDelegate.swift */; };
		56E3434624487E7700D6B440 /* MYMovies.xcdatamodeld in Sources */ = {isa = PBXBuildFile; fileRef = 56E3434424487E7700D6B440 /* MYMovies.xcdatamodeld */; };
		56E3434824487E7C00D6B440 /* Assets.xcassets in Resources */ = {isa = PBXBuildFile; fileRef = 56E3434724487E7C00D6B440 /* Assets.xcassets */; };
		56E3434B24487E7C00D6B440 /* LaunchScreen.storyboard in Resources */ = {isa = PBXBuildFile; fileRef = 56E3434924487E7C00D6B440 /* LaunchScreen.storyboard */; };
		56E3435624487E7C00D6B440 /* MYMoviesTests.swift in Sources */ = {isa = PBXBuildFile; fileRef = 56E3435524487E7C00D6B440 /* MYMoviesTests.swift */; };
		56E34366244888EC00D6B440 /* Router.swift in Sources */ = {isa = PBXBuildFile; fileRef = 56E34365244888EC00D6B440 /* Router.swift */; };
		56E343682448896100D6B440 /* AssemblyBuilder.swift in Sources */ = {isa = PBXBuildFile; fileRef = 56E343672448896100D6B440 /* AssemblyBuilder.swift */; };
		56E3436B2448965D00D6B440 /* ProfileViewController.swift in Sources */ = {isa = PBXBuildFile; fileRef = 56E343692448965D00D6B440 /* ProfileViewController.swift */; };
/* End PBXBuildFile section */

/* Begin PBXContainerItemProxy section */
		56E3435224487E7C00D6B440 /* PBXContainerItemProxy */ = {
			isa = PBXContainerItemProxy;
			containerPortal = 56E3433024487E7700D6B440 /* Project object */;
			proxyType = 1;
			remoteGlobalIDString = 56E3433724487E7700D6B440;
			remoteInfo = MYMovies;
		};
/* End PBXContainerItemProxy section */

/* Begin PBXFileReference section */
		561D5E5F2451A9BA001A5BCB /* AppSizes.swift */ = {isa = PBXFileReference; lastKnownFileType = sourcecode.swift; path = AppSizes.swift; sourceTree = "<group>"; };
		561D5E612451BA97001A5BCB /* ReusableView.swift */ = {isa = PBXFileReference; lastKnownFileType = sourcecode.swift; path = ReusableView.swift; sourceTree = "<group>"; };
		561D5E632451BC6E001A5BCB /* MoviesInViewingTableViewFooter.swift */ = {isa = PBXFileReference; lastKnownFileType = sourcecode.swift; path = MoviesInViewingTableViewFooter.swift; sourceTree = "<group>"; };
		561D5E652451BFE1001A5BCB /* BlueTextWithoutBackgroundButton.swift */ = {isa = PBXFileReference; lastKnownFileType = sourcecode.swift; path = BlueTextWithoutBackgroundButton.swift; sourceTree = "<group>"; };
		56358D162449D07100A3000C /* MoviesResponse.swift */ = {isa = PBXFileReference; lastKnownFileType = sourcecode.swift; path = MoviesResponse.swift; sourceTree = "<group>"; };
		56358D192449DAEE00A3000C /* Movie.swift */ = {isa = PBXFileReference; lastKnownFileType = sourcecode.swift; path = Movie.swift; sourceTree = "<group>"; };
		56614D342453016700A29E6F /* ConstantKeys.swift */ = {isa = PBXFileReference; fileEncoding = 4; lastKnownFileType = sourcecode.swift; path = ConstantKeys.swift; sourceTree = "<group>"; };
		567AFF0824489B8E00CE959E /* DataRepository.swift */ = {isa = PBXFileReference; lastKnownFileType = sourcecode.swift; path = DataRepository.swift; sourceTree = "<group>"; };
		567AFF0A24489D0900CE959E /* ProfileViewPresenter.swift */ = {isa = PBXFileReference; lastKnownFileType = sourcecode.swift; path = ProfileViewPresenter.swift; sourceTree = "<group>"; };
		567AFF0C2448A61F00CE959E /* TmdbNetworkServise.swift */ = {isa = PBXFileReference; lastKnownFileType = sourcecode.swift; path = TmdbNetworkServise.swift; sourceTree = "<group>"; };
		567AFF0E2448A8A500CE959E /* MyMoviesDataBase.swift */ = {isa = PBXFileReference; lastKnownFileType = sourcecode.swift; path = MyMoviesDataBase.swift; sourceTree = "<group>"; };
		5682060224505508007F9A44 /* TableViewProvider.swift */ = {isa = PBXFileReference; lastKnownFileType = sourcecode.swift; path = TableViewProvider.swift; sourceTree = "<group>"; };
		5682060524505993007F9A44 /* MoviesInViewingTableViewProvider.swift */ = {isa = PBXFileReference; lastKnownFileType = sourcecode.swift; path = MoviesInViewingTableViewProvider.swift; sourceTree = "<group>"; };
		5682060724505F29007F9A44 /* MovieInViewing.swift */ = {isa = PBXFileReference; lastKnownFileType = sourcecode.swift; path = MovieInViewing.swift; sourceTree = "<group>"; };
		5682060924508880007F9A44 /* MoviesInViewingTableViewHeader.swift */ = {isa = PBXFileReference; lastKnownFileType = sourcecode.swift; path = MoviesInViewingTableViewHeader.swift; sourceTree = "<group>"; };
		56D5DD60244DAA9C000BB6BA /* ProfileView.swift */ = {isa = PBXFileReference; lastKnownFileType = sourcecode.swift; path = ProfileView.swift; sourceTree = "<group>"; };
		56D5DD62244DCC2A000BB6BA /* BlueWithShadowButton.swift */ = {isa = PBXFileReference; lastKnownFileType = sourcecode.swift; path = BlueWithShadowButton.swift; sourceTree = "<group>"; };
		56D5DD64244DF34E000BB6BA /* MoviesInViewingTableViewCell.swift */ = {isa = PBXFileReference; lastKnownFileType = sourcecode.swift; path = MoviesInViewingTableViewCell.swift; sourceTree = "<group>"; };
		56D5DD68244DFA1C000BB6BA /* UIColor+appColors.swift */ = {isa = PBXFileReference; lastKnownFileType = sourcecode.swift; path = "UIColor+appColors.swift"; sourceTree = "<group>"; };
		56DDFC97244CADA00084E733 /* DefaultSearchController.swift */ = {isa = PBXFileReference; lastKnownFileType = sourcecode.swift; path = DefaultSearchController.swift; sourceTree = "<group>"; };
		56E3433824487E7700D6B440 /* MYMovies.app */ = {isa = PBXFileReference; explicitFileType = wrapper.application; includeInIndex = 0; path = MYMovies.app; sourceTree = BUILT_PRODUCTS_DIR; };
		56E3433B24487E7700D6B440 /* AppDelegate.swift */ = {isa = PBXFileReference; lastKnownFileType = sourcecode.swift; path = AppDelegate.swift; sourceTree = "<group>"; };
		56E3433D24487E7700D6B440 /* SceneDelegate.swift */ = {isa = PBXFileReference; lastKnownFileType = sourcecode.swift; path = SceneDelegate.swift; sourceTree = "<group>"; };
		56E3434524487E7700D6B440 /* MYMovies.xcdatamodel */ = {isa = PBXFileReference; lastKnownFileType = wrapper.xcdatamodel; path = MYMovies.xcdatamodel; sourceTree = "<group>"; };
		56E3434724487E7C00D6B440 /* Assets.xcassets */ = {isa = PBXFileReference; lastKnownFileType = folder.assetcatalog; path = Assets.xcassets; sourceTree = "<group>"; };
		56E3434A24487E7C00D6B440 /* Base */ = {isa = PBXFileReference; lastKnownFileType = file.storyboard; name = Base; path = Base.lproj/LaunchScreen.storyboard; sourceTree = "<group>"; };
		56E3434C24487E7C00D6B440 /* Info.plist */ = {isa = PBXFileReference; lastKnownFileType = text.plist.xml; path = Info.plist; sourceTree = "<group>"; };
		56E3435124487E7C00D6B440 /* MYMoviesTests.xctest */ = {isa = PBXFileReference; explicitFileType = wrapper.cfbundle; includeInIndex = 0; path = MYMoviesTests.xctest; sourceTree = BUILT_PRODUCTS_DIR; };
		56E3435524487E7C00D6B440 /* MYMoviesTests.swift */ = {isa = PBXFileReference; lastKnownFileType = sourcecode.swift; path = MYMoviesTests.swift; sourceTree = "<group>"; };
		56E3435724487E7C00D6B440 /* Info.plist */ = {isa = PBXFileReference; lastKnownFileType = text.plist.xml; path = Info.plist; sourceTree = "<group>"; };
		56E34365244888EC00D6B440 /* Router.swift */ = {isa = PBXFileReference; lastKnownFileType = sourcecode.swift; path = Router.swift; sourceTree = "<group>"; };
		56E343672448896100D6B440 /* AssemblyBuilder.swift */ = {isa = PBXFileReference; lastKnownFileType = sourcecode.swift; path = AssemblyBuilder.swift; sourceTree = "<group>"; };
		56E343692448965D00D6B440 /* ProfileViewController.swift */ = {isa = PBXFileReference; lastKnownFileType = sourcecode.swift; path = ProfileViewController.swift; sourceTree = "<group>"; };
/* End PBXFileReference section */

/* Begin PBXFrameworksBuildPhase section */
		56E3433524487E7700D6B440 /* Frameworks */ = {
			isa = PBXFrameworksBuildPhase;
			buildActionMask = 2147483647;
			files = (
			);
			runOnlyForDeploymentPostprocessing = 0;
		};
		56E3434E24487E7C00D6B440 /* Frameworks */ = {
			isa = PBXFrameworksBuildPhase;
			buildActionMask = 2147483647;
			files = (
			);
			runOnlyForDeploymentPostprocessing = 0;
		};
/* End PBXFrameworksBuildPhase section */

/* Begin PBXGroup section */
		56358D182449D07700A3000C /* Model */ = {
			isa = PBXGroup;
			children = (
				56614D362453061300A29E6F /* ResponseModel */,
				56358D192449DAEE00A3000C /* Movie.swift */,
				5682060724505F29007F9A44 /* MovieInViewing.swift */,
			);
			path = Model;
			sourceTree = "<group>";
		};
		56358D1B2449EBC700A3000C /* DataBase */ = {
			isa = PBXGroup;
			children = (
				56E3434424487E7700D6B440 /* MYMovies.xcdatamodeld */,
				567AFF0E2448A8A500CE959E /* MyMoviesDataBase.swift */,
			);
			path = DataBase;
			sourceTree = "<group>";
		};
		56358D1C2449EBD700A3000C /* Servise */ = {
			isa = PBXGroup;
			children = (
				567AFF0C2448A61F00CE959E /* TmdbNetworkServise.swift */,
			);
			path = Servise;
			sourceTree = "<group>";
		};
		56614D362453061300A29E6F /* ResponseModel */ = {
			isa = PBXGroup;
			children = (
				56358D162449D07100A3000C /* MoviesResponse.swift */,
			);
			path = ResponseModel;
			sourceTree = "<group>";
		};
		568205FF24504402007F9A44 /* MoviesInViewingTableView */ = {
			isa = PBXGroup;
			children = (
				56D5DD64244DF34E000BB6BA /* MoviesInViewingTableViewCell.swift */,
				5682060924508880007F9A44 /* MoviesInViewingTableViewHeader.swift */,
				561D5E632451BC6E001A5BCB /* MoviesInViewingTableViewFooter.swift */,
				5682060524505993007F9A44 /* MoviesInViewingTableViewProvider.swift */,
			);
			path = MoviesInViewingTableView;
			sourceTree = "<group>";
		};
		568206042450552C007F9A44 /* Protocols */ = {
			isa = PBXGroup;
			children = (
				5682060224505508007F9A44 /* TableViewProvider.swift */,
			);
			path = Protocols;
			sourceTree = "<group>";
		};
		56D5DD67244DF9C1000BB6BA /* Extentions */ = {
			isa = PBXGroup;
			children = (
				56D5DD68244DFA1C000BB6BA /* UIColor+appColors.swift */,
				561D5E5F2451A9BA001A5BCB /* AppSizes.swift */,
				561D5E612451BA97001A5BCB /* ReusableView.swift */,
			);
			path = Extentions;
			sourceTree = "<group>";
		};
		56E3432F24487E7700D6B440 = {
			isa = PBXGroup;
			children = (
				56E3433A24487E7700D6B440 /* MYMovies */,
				56E3435424487E7C00D6B440 /* MYMoviesTests */,
				56E3433924487E7700D6B440 /* Products */,
				56614D342453016700A29E6F /* ConstantKeys.swift */,
			);
			sourceTree = "<group>";
		};
		56E3433924487E7700D6B440 /* Products */ = {
			isa = PBXGroup;
			children = (
				56E3433824487E7700D6B440 /* MYMovies.app */,
				56E3435124487E7C00D6B440 /* MYMoviesTests.xctest */,
			);
			name = Products;
			sourceTree = "<group>";
		};
		56E3433A24487E7700D6B440 /* MYMovies */ = {
			isa = PBXGroup;
			children = (
				56E34365244888EC00D6B440 /* Router.swift */,
				56E343672448896100D6B440 /* AssemblyBuilder.swift */,
				56D5DD67244DF9C1000BB6BA /* Extentions */,
				56F8191A244CB9CB00577482 /* View */,
				568206042450552C007F9A44 /* Protocols */,
				56358D182449D07700A3000C /* Model */,
				56E34364244888C100D6B440 /* Data */,
				56E343622448889900D6B440 /* Scene */,
				56E34360244885AB00D6B440 /* Application */,
				56E34363244888AE00D6B440 /* Base */,
				56E34361244885EB00D6B440 /* Resources */,
			);
			path = MYMovies;
			sourceTree = "<group>";
		};
		56E3435424487E7C00D6B440 /* MYMoviesTests */ = {
			isa = PBXGroup;
			children = (
				56E3435524487E7C00D6B440 /* MYMoviesTests.swift */,
				56E3435724487E7C00D6B440 /* Info.plist */,
			);
			path = MYMoviesTests;
			sourceTree = "<group>";
		};
		56E34360244885AB00D6B440 /* Application */ = {
			isa = PBXGroup;
			children = (
				56E3433B24487E7700D6B440 /* AppDelegate.swift */,
				56E3433D24487E7700D6B440 /* SceneDelegate.swift */,
				56E3434C24487E7C00D6B440 /* Info.plist */,
			);
			path = Application;
			sourceTree = "<group>";
		};
		56E34361244885EB00D6B440 /* Resources */ = {
			isa = PBXGroup;
			children = (
				56E3434724487E7C00D6B440 /* Assets.xcassets */,
			);
			path = Resources;
			sourceTree = "<group>";
		};
		56E343622448889900D6B440 /* Scene */ = {
			isa = PBXGroup;
			children = (
				56E3436D2448972600D6B440 /* Profile */,
			);
			path = Scene;
			sourceTree = "<group>";
		};
		56E34363244888AE00D6B440 /* Base */ = {
			isa = PBXGroup;
			children = (
				56E3434924487E7C00D6B440 /* LaunchScreen.storyboard */,
			);
			path = Base;
			sourceTree = "<group>";
		};
		56E34364244888C100D6B440 /* Data */ = {
			isa = PBXGroup;
			children = (
				567AFF0824489B8E00CE959E /* DataRepository.swift */,
				56358D1B2449EBC700A3000C /* DataBase */,
				56358D1C2449EBD700A3000C /* Servise */,
			);
			path = Data;
			sourceTree = "<group>";
		};
		56E3436D2448972600D6B440 /* Profile */ = {
			isa = PBXGroup;
			children = (
				568205FF24504402007F9A44 /* MoviesInViewingTableView */,
				56E343692448965D00D6B440 /* ProfileViewController.swift */,
				56D5DD60244DAA9C000BB6BA /* ProfileView.swift */,
				567AFF0A24489D0900CE959E /* ProfileViewPresenter.swift */,
			);
			path = Profile;
			sourceTree = "<group>";
		};
		56F8191A244CB9CB00577482 /* View */ = {
			isa = PBXGroup;
			children = (
				56DDFC97244CADA00084E733 /* DefaultSearchController.swift */,
				56D5DD62244DCC2A000BB6BA /* BlueWithShadowButton.swift */,
				561D5E652451BFE1001A5BCB /* BlueTextWithoutBackgroundButton.swift */,
			);
			path = View;
			sourceTree = "<group>";
		};
/* End PBXGroup section */

/* Begin PBXNativeTarget section */
		56E3433724487E7700D6B440 /* MYMovies */ = {
			isa = PBXNativeTarget;
			buildConfigurationList = 56E3435A24487E7C00D6B440 /* Build configuration list for PBXNativeTarget "MYMovies" */;
			buildPhases = (
				56E3433424487E7700D6B440 /* Sources */,
				56E3433524487E7700D6B440 /* Frameworks */,
				56E3433624487E7700D6B440 /* Resources */,
			);
			buildRules = (
			);
			dependencies = (
			);
			name = MYMovies;
			productName = MYMovies;
			productReference = 56E3433824487E7700D6B440 /* MYMovies.app */;
			productType = "com.apple.product-type.application";
		};
		56E3435024487E7C00D6B440 /* MYMoviesTests */ = {
			isa = PBXNativeTarget;
			buildConfigurationList = 56E3435D24487E7C00D6B440 /* Build configuration list for PBXNativeTarget "MYMoviesTests" */;
			buildPhases = (
				56E3434D24487E7C00D6B440 /* Sources */,
				56E3434E24487E7C00D6B440 /* Frameworks */,
				56E3434F24487E7C00D6B440 /* Resources */,
			);
			buildRules = (
			);
			dependencies = (
				56E3435324487E7C00D6B440 /* PBXTargetDependency */,
			);
			name = MYMoviesTests;
			productName = MYMoviesTests;
			productReference = 56E3435124487E7C00D6B440 /* MYMoviesTests.xctest */;
			productType = "com.apple.product-type.bundle.unit-test";
		};
/* End PBXNativeTarget section */

/* Begin PBXProject section */
		56E3433024487E7700D6B440 /* Project object */ = {
			isa = PBXProject;
			attributes = {
				LastSwiftUpdateCheck = 1140;
				LastUpgradeCheck = 1140;
				ORGANIZATIONNAME = GermanyHome;
				TargetAttributes = {
					56E3433724487E7700D6B440 = {
						CreatedOnToolsVersion = 11.4;
					};
					56E3435024487E7C00D6B440 = {
						CreatedOnToolsVersion = 11.4;
						TestTargetID = 56E3433724487E7700D6B440;
					};
				};
			};
			buildConfigurationList = 56E3433324487E7700D6B440 /* Build configuration list for PBXProject "MYMovies" */;
			compatibilityVersion = "Xcode 9.3";
			developmentRegion = en;
			hasScannedForEncodings = 0;
			knownRegions = (
				en,
				Base,
			);
			mainGroup = 56E3432F24487E7700D6B440;
			productRefGroup = 56E3433924487E7700D6B440 /* Products */;
			projectDirPath = "";
			projectRoot = "";
			targets = (
				56E3433724487E7700D6B440 /* MYMovies */,
				56E3435024487E7C00D6B440 /* MYMoviesTests */,
			);
		};
/* End PBXProject section */

/* Begin PBXResourcesBuildPhase section */
		56E3433624487E7700D6B440 /* Resources */ = {
			isa = PBXResourcesBuildPhase;
			buildActionMask = 2147483647;
			files = (
				56E3434B24487E7C00D6B440 /* LaunchScreen.storyboard in Resources */,
				56E3434824487E7C00D6B440 /* Assets.xcassets in Resources */,
			);
			runOnlyForDeploymentPostprocessing = 0;
		};
		56E3434F24487E7C00D6B440 /* Resources */ = {
			isa = PBXResourcesBuildPhase;
			buildActionMask = 2147483647;
			files = (
			);
			runOnlyForDeploymentPostprocessing = 0;
		};
/* End PBXResourcesBuildPhase section */

/* Begin PBXSourcesBuildPhase section */
		56E3433424487E7700D6B440 /* Sources */ = {
			isa = PBXSourcesBuildPhase;
			buildActionMask = 2147483647;
			files = (
				5682060A24508880007F9A44 /* MoviesInViewingTableViewHeader.swift in Sources */,
				56358D172449D07100A3000C /* MoviesResponse.swift in Sources */,
				561D5E602451A9BA001A5BCB /* AppSizes.swift in Sources */,
				567AFF0F2448A8A500CE959E /* MyMoviesDataBase.swift in Sources */,
				561D5E642451BC6E001A5BCB /* MoviesInViewingTableViewFooter.swift in Sources */,
				56358D1A2449DAEE00A3000C /* Movie.swift in Sources */,
				561D5E662451BFE1001A5BCB /* BlueTextWithoutBackgroundButton.swift in Sources */,
				5682060624505993007F9A44 /* MoviesInViewingTableViewProvider.swift in Sources */,
				567AFF0D2448A61F00CE959E /* TmdbNetworkServise.swift in Sources */,
				5682060324505508007F9A44 /* TableViewProvider.swift in Sources */,
				56D5DD69244DFA1C000BB6BA /* UIColor+appColors.swift in Sources */,
				561D5E622451BA97001A5BCB /* ReusableView.swift in Sources */,
				5682060824505F29007F9A44 /* MovieInViewing.swift in Sources */,
				56E3436B2448965D00D6B440 /* ProfileViewController.swift in Sources */,
				56DDFC98244CADA00084E733 /* DefaultSearchController.swift in Sources */,
				56614D352453016700A29E6F /* ConstantKeys.swift in Sources */,
				56E3433C24487E7700D6B440 /* AppDelegate.swift in Sources */,
				56D5DD61244DAA9C000BB6BA /* ProfileView.swift in Sources */,
				567AFF0B24489D0900CE959E /* ProfileViewPresenter.swift in Sources */,
				56E34366244888EC00D6B440 /* Router.swift in Sources */,
				56E343682448896100D6B440 /* AssemblyBuilder.swift in Sources */,
				56D5DD63244DCC2A000BB6BA /* BlueWithShadowButton.swift in Sources */,
				567AFF0924489B8E00CE959E /* DataRepository.swift in Sources */,
				56E3434624487E7700D6B440 /* MYMovies.xcdatamodeld in Sources */,
				56E3433E24487E7700D6B440 /* SceneDelegate.swift in Sources */,
				56D5DD65244DF34E000BB6BA /* MoviesInViewingTableViewCell.swift in Sources */,
			);
			runOnlyForDeploymentPostprocessing = 0;
		};
		56E3434D24487E7C00D6B440 /* Sources */ = {
			isa = PBXSourcesBuildPhase;
			buildActionMask = 2147483647;
			files = (
				56E3435624487E7C00D6B440 /* MYMoviesTests.swift in Sources */,
			);
			runOnlyForDeploymentPostprocessing = 0;
		};
/* End PBXSourcesBuildPhase section */

/* Begin PBXTargetDependency section */
		56E3435324487E7C00D6B440 /* PBXTargetDependency */ = {
			isa = PBXTargetDependency;
			target = 56E3433724487E7700D6B440 /* MYMovies */;
			targetProxy = 56E3435224487E7C00D6B440 /* PBXContainerItemProxy */;
		};
/* End PBXTargetDependency section */

/* Begin PBXVariantGroup section */
		56E3434924487E7C00D6B440 /* LaunchScreen.storyboard */ = {
			isa = PBXVariantGroup;
			children = (
				56E3434A24487E7C00D6B440 /* Base */,
			);
			name = LaunchScreen.storyboard;
			sourceTree = "<group>";
		};
/* End PBXVariantGroup section */

/* Begin XCBuildConfiguration section */
		56E3435824487E7C00D6B440 /* Debug */ = {
			isa = XCBuildConfiguration;
			buildSettings = {
				ALWAYS_SEARCH_USER_PATHS = NO;
				CLANG_ANALYZER_NONNULL = YES;
				CLANG_ANALYZER_NUMBER_OBJECT_CONVERSION = YES_AGGRESSIVE;
				CLANG_CXX_LANGUAGE_STANDARD = "gnu++14";
				CLANG_CXX_LIBRARY = "libc++";
				CLANG_ENABLE_MODULES = YES;
				CLANG_ENABLE_OBJC_ARC = YES;
				CLANG_ENABLE_OBJC_WEAK = YES;
				CLANG_WARN_BLOCK_CAPTURE_AUTORELEASING = YES;
				CLANG_WARN_BOOL_CONVERSION = YES;
				CLANG_WARN_COMMA = YES;
				CLANG_WARN_CONSTANT_CONVERSION = YES;
				CLANG_WARN_DEPRECATED_OBJC_IMPLEMENTATIONS = YES;
				CLANG_WARN_DIRECT_OBJC_ISA_USAGE = YES_ERROR;
				CLANG_WARN_DOCUMENTATION_COMMENTS = YES;
				CLANG_WARN_EMPTY_BODY = YES;
				CLANG_WARN_ENUM_CONVERSION = YES;
				CLANG_WARN_INFINITE_RECURSION = YES;
				CLANG_WARN_INT_CONVERSION = YES;
				CLANG_WARN_NON_LITERAL_NULL_CONVERSION = YES;
				CLANG_WARN_OBJC_IMPLICIT_RETAIN_SELF = YES;
				CLANG_WARN_OBJC_LITERAL_CONVERSION = YES;
				CLANG_WARN_OBJC_ROOT_CLASS = YES_ERROR;
				CLANG_WARN_RANGE_LOOP_ANALYSIS = YES;
				CLANG_WARN_STRICT_PROTOTYPES = YES;
				CLANG_WARN_SUSPICIOUS_MOVE = YES;
				CLANG_WARN_UNGUARDED_AVAILABILITY = YES_AGGRESSIVE;
				CLANG_WARN_UNREACHABLE_CODE = YES;
				CLANG_WARN__DUPLICATE_METHOD_MATCH = YES;
				COPY_PHASE_STRIP = NO;
				DEBUG_INFORMATION_FORMAT = dwarf;
				ENABLE_STRICT_OBJC_MSGSEND = YES;
				ENABLE_TESTABILITY = YES;
				GCC_C_LANGUAGE_STANDARD = gnu11;
				GCC_DYNAMIC_NO_PIC = NO;
				GCC_NO_COMMON_BLOCKS = YES;
				GCC_OPTIMIZATION_LEVEL = 0;
				GCC_PREPROCESSOR_DEFINITIONS = (
					"DEBUG=1",
					"$(inherited)",
				);
				GCC_WARN_64_TO_32_BIT_CONVERSION = YES;
				GCC_WARN_ABOUT_RETURN_TYPE = YES_ERROR;
				GCC_WARN_UNDECLARED_SELECTOR = YES;
				GCC_WARN_UNINITIALIZED_AUTOS = YES_AGGRESSIVE;
				GCC_WARN_UNUSED_FUNCTION = YES;
				GCC_WARN_UNUSED_VARIABLE = YES;
				IPHONEOS_DEPLOYMENT_TARGET = 13.4;
				MTL_ENABLE_DEBUG_INFO = INCLUDE_SOURCE;
				MTL_FAST_MATH = YES;
				ONLY_ACTIVE_ARCH = YES;
				SDKROOT = iphoneos;
				SWIFT_ACTIVE_COMPILATION_CONDITIONS = DEBUG;
				SWIFT_OPTIMIZATION_LEVEL = "-Onone";
			};
			name = Debug;
		};
		56E3435924487E7C00D6B440 /* Release */ = {
			isa = XCBuildConfiguration;
			buildSettings = {
				ALWAYS_SEARCH_USER_PATHS = NO;
				CLANG_ANALYZER_NONNULL = YES;
				CLANG_ANALYZER_NUMBER_OBJECT_CONVERSION = YES_AGGRESSIVE;
				CLANG_CXX_LANGUAGE_STANDARD = "gnu++14";
				CLANG_CXX_LIBRARY = "libc++";
				CLANG_ENABLE_MODULES = YES;
				CLANG_ENABLE_OBJC_ARC = YES;
				CLANG_ENABLE_OBJC_WEAK = YES;
				CLANG_WARN_BLOCK_CAPTURE_AUTORELEASING = YES;
				CLANG_WARN_BOOL_CONVERSION = YES;
				CLANG_WARN_COMMA = YES;
				CLANG_WARN_CONSTANT_CONVERSION = YES;
				CLANG_WARN_DEPRECATED_OBJC_IMPLEMENTATIONS = YES;
				CLANG_WARN_DIRECT_OBJC_ISA_USAGE = YES_ERROR;
				CLANG_WARN_DOCUMENTATION_COMMENTS = YES;
				CLANG_WARN_EMPTY_BODY = YES;
				CLANG_WARN_ENUM_CONVERSION = YES;
				CLANG_WARN_INFINITE_RECURSION = YES;
				CLANG_WARN_INT_CONVERSION = YES;
				CLANG_WARN_NON_LITERAL_NULL_CONVERSION = YES;
				CLANG_WARN_OBJC_IMPLICIT_RETAIN_SELF = YES;
				CLANG_WARN_OBJC_LITERAL_CONVERSION = YES;
				CLANG_WARN_OBJC_ROOT_CLASS = YES_ERROR;
				CLANG_WARN_RANGE_LOOP_ANALYSIS = YES;
				CLANG_WARN_STRICT_PROTOTYPES = YES;
				CLANG_WARN_SUSPICIOUS_MOVE = YES;
				CLANG_WARN_UNGUARDED_AVAILABILITY = YES_AGGRESSIVE;
				CLANG_WARN_UNREACHABLE_CODE = YES;
				CLANG_WARN__DUPLICATE_METHOD_MATCH = YES;
				COPY_PHASE_STRIP = NO;
				DEBUG_INFORMATION_FORMAT = "dwarf-with-dsym";
				ENABLE_NS_ASSERTIONS = NO;
				ENABLE_STRICT_OBJC_MSGSEND = YES;
				GCC_C_LANGUAGE_STANDARD = gnu11;
				GCC_NO_COMMON_BLOCKS = YES;
				GCC_WARN_64_TO_32_BIT_CONVERSION = YES;
				GCC_WARN_ABOUT_RETURN_TYPE = YES_ERROR;
				GCC_WARN_UNDECLARED_SELECTOR = YES;
				GCC_WARN_UNINITIALIZED_AUTOS = YES_AGGRESSIVE;
				GCC_WARN_UNUSED_FUNCTION = YES;
				GCC_WARN_UNUSED_VARIABLE = YES;
				IPHONEOS_DEPLOYMENT_TARGET = 13.4;
				MTL_ENABLE_DEBUG_INFO = NO;
				MTL_FAST_MATH = YES;
				SDKROOT = iphoneos;
				SWIFT_COMPILATION_MODE = wholemodule;
				SWIFT_OPTIMIZATION_LEVEL = "-O";
				VALIDATE_PRODUCT = YES;
			};
			name = Release;
		};
		56E3435B24487E7C00D6B440 /* Debug */ = {
			isa = XCBuildConfiguration;
			buildSettings = {
				ASSETCATALOG_COMPILER_APPICON_NAME = AppIcon;
				CODE_SIGN_STYLE = Automatic;
				DEVELOPMENT_TEAM = VL3SPLW988;
				INFOPLIST_FILE = MYMovies/Application/Info.plist;
				LD_RUNPATH_SEARCH_PATHS = (
					"$(inherited)",
					"@executable_path/Frameworks",
				);
				PRODUCT_BUNDLE_IDENTIFIER = ru.home.germany.MYMovies;
				PRODUCT_NAME = "$(TARGET_NAME)";
				SWIFT_VERSION = 5.0;
				TARGETED_DEVICE_FAMILY = "1,2";
			};
			name = Debug;
		};
		56E3435C24487E7C00D6B440 /* Release */ = {
			isa = XCBuildConfiguration;
			buildSettings = {
				ASSETCATALOG_COMPILER_APPICON_NAME = AppIcon;
				CODE_SIGN_STYLE = Automatic;
				DEVELOPMENT_TEAM = VL3SPLW988;
				INFOPLIST_FILE = MYMovies/Application/Info.plist;
				LD_RUNPATH_SEARCH_PATHS = (
					"$(inherited)",
					"@executable_path/Frameworks",
				);
				PRODUCT_BUNDLE_IDENTIFIER = ru.home.germany.MYMovies;
				PRODUCT_NAME = "$(TARGET_NAME)";
				SWIFT_VERSION = 5.0;
				TARGETED_DEVICE_FAMILY = "1,2";
			};
			name = Release;
		};
		56E3435E24487E7C00D6B440 /* Debug */ = {
			isa = XCBuildConfiguration;
			buildSettings = {
				ALWAYS_EMBED_SWIFT_STANDARD_LIBRARIES = YES;
				BUNDLE_LOADER = "$(TEST_HOST)";
				CODE_SIGN_STYLE = Automatic;
				DEVELOPMENT_TEAM = VL3SPLW988;
				INFOPLIST_FILE = MYMoviesTests/Info.plist;
				IPHONEOS_DEPLOYMENT_TARGET = 13.4;
				LD_RUNPATH_SEARCH_PATHS = (
					"$(inherited)",
					"@executable_path/Frameworks",
					"@loader_path/Frameworks",
				);
				PRODUCT_BUNDLE_IDENTIFIER = ru.home.germany.MYMoviesTests;
				PRODUCT_NAME = "$(TARGET_NAME)";
				SWIFT_VERSION = 5.0;
				TARGETED_DEVICE_FAMILY = "1,2";
				TEST_HOST = "$(BUILT_PRODUCTS_DIR)/MYMovies.app/MYMovies";
			};
			name = Debug;
		};
		56E3435F24487E7C00D6B440 /* Release */ = {
			isa = XCBuildConfiguration;
			buildSettings = {
				ALWAYS_EMBED_SWIFT_STANDARD_LIBRARIES = YES;
				BUNDLE_LOADER = "$(TEST_HOST)";
				CODE_SIGN_STYLE = Automatic;
				DEVELOPMENT_TEAM = VL3SPLW988;
				INFOPLIST_FILE = MYMoviesTests/Info.plist;
				IPHONEOS_DEPLOYMENT_TARGET = 13.4;
				LD_RUNPATH_SEARCH_PATHS = (
					"$(inherited)",
					"@executable_path/Frameworks",
					"@loader_path/Frameworks",
				);
				PRODUCT_BUNDLE_IDENTIFIER = ru.home.germany.MYMoviesTests;
				PRODUCT_NAME = "$(TARGET_NAME)";
				SWIFT_VERSION = 5.0;
				TARGETED_DEVICE_FAMILY = "1,2";
				TEST_HOST = "$(BUILT_PRODUCTS_DIR)/MYMovies.app/MYMovies";
			};
			name = Release;
		};
/* End XCBuildConfiguration section */

/* Begin XCConfigurationList section */
		56E3433324487E7700D6B440 /* Build configuration list for PBXProject "MYMovies" */ = {
			isa = XCConfigurationList;
			buildConfigurations = (
				56E3435824487E7C00D6B440 /* Debug */,
				56E3435924487E7C00D6B440 /* Release */,
			);
			defaultConfigurationIsVisible = 0;
			defaultConfigurationName = Release;
		};
		56E3435A24487E7C00D6B440 /* Build configuration list for PBXNativeTarget "MYMovies" */ = {
			isa = XCConfigurationList;
			buildConfigurations = (
				56E3435B24487E7C00D6B440 /* Debug */,
				56E3435C24487E7C00D6B440 /* Release */,
			);
			defaultConfigurationIsVisible = 0;
			defaultConfigurationName = Release;
		};
		56E3435D24487E7C00D6B440 /* Build configuration list for PBXNativeTarget "MYMoviesTests" */ = {
			isa = XCConfigurationList;
			buildConfigurations = (
				56E3435E24487E7C00D6B440 /* Debug */,
				56E3435F24487E7C00D6B440 /* Release */,
			);
			defaultConfigurationIsVisible = 0;
			defaultConfigurationName = Release;
		};
/* End XCConfigurationList section */

/* Begin XCVersionGroup section */
		56E3434424487E7700D6B440 /* MYMovies.xcdatamodeld */ = {
			isa = XCVersionGroup;
			children = (
				56E3434524487E7700D6B440 /* MYMovies.xcdatamodel */,
			);
			currentVersion = 56E3434524487E7700D6B440 /* MYMovies.xcdatamodel */;
			path = MYMovies.xcdatamodeld;
			sourceTree = "<group>";
			versionGroupType = wrapper.xcdatamodel;
		};
/* End XCVersionGroup section */
	};
	rootObject = 56E3433024487E7700D6B440 /* Project object */;
}
